// !$*UTF8*$!
{
	archiveVersion = 1;
	classes = {
	};
	objectVersion = 48;
	objects = {

/* Begin PBXBuildFile section */
		51EEF5F7206BFB73000E791E /* AppHookSDK_Mac.framework in Frameworks */ = {isa = PBXBuildFile; fileRef = 51EEF5F6206BFB73000E791E /* AppHookSDK_Mac.framework */; };
		623E7AFF2065F7AE00CE79A0 /* main.m in Sources */ = {isa = PBXBuildFile; fileRef = 623E7AFE2065F7AE00CE79A0 /* main.m */; };
		623E7B13206600DC00CE79A0 /* Application.m in Sources */ = {isa = PBXBuildFile; fileRef = 623E7B12206600DC00CE79A0 /* Application.m */; };
/* End PBXBuildFile section */

/* Begin PBXCopyFilesBuildPhase section */
		623E7AF92065F7AE00CE79A0 /* CopyFiles */ = {
			isa = PBXCopyFilesBuildPhase;
			buildActionMask = 2147483647;
			dstPath = /usr/share/man/man1/;
			dstSubfolderSpec = 0;
			files = (
			);
			runOnlyForDeploymentPostprocessing = 1;
		};
/* End PBXCopyFilesBuildPhase section */

/* Begin PBXFileReference section */
		51EEF5F6206BFB73000E791E /* AppHookSDK_Mac.framework */ = {isa = PBXFileReference; lastKnownFileType = wrapper.framework; path = AppHookSDK_Mac.framework; sourceTree = "<group>"; };
		623E7AFB2065F7AE00CE79A0 /* AppHookDemo */ = {isa = PBXFileReference; explicitFileType = "compiled.mach-o.executable"; includeInIndex = 0; path = AppHookDemo; sourceTree = BUILT_PRODUCTS_DIR; };
		623E7AFE2065F7AE00CE79A0 /* main.m */ = {isa = PBXFileReference; lastKnownFileType = sourcecode.c.objc; path = main.m; sourceTree = "<group>"; };
		623E7B11206600DC00CE79A0 /* Application.h */ = {isa = PBXFileReference; lastKnownFileType = sourcecode.c.h; path = Application.h; sourceTree = "<group>"; };
		623E7B12206600DC00CE79A0 /* Application.m */ = {isa = PBXFileReference; lastKnownFileType = sourcecode.c.objc; path = Application.m; sourceTree = "<group>"; };
		623E7B2B20660A5400CE79A0 /* PrefixHeader.pch */ = {isa = PBXFileReference; lastKnownFileType = sourcecode.c.h; path = PrefixHeader.pch; sourceTree = "<group>"; };
/* End PBXFileReference section */

/* Begin PBXFrameworksBuildPhase section */
		623E7AF82065F7AE00CE79A0 /* Frameworks */ = {
			isa = PBXFrameworksBuildPhase;
			buildActionMask = 2147483647;
			files = (
				51EEF5F7206BFB73000E791E /* AppHookSDK_Mac.framework in Frameworks */,
			);
			runOnlyForDeploymentPostprocessing = 0;
		};
/* End PBXFrameworksBuildPhase section */

/* Begin PBXGroup section */
		623E7AF22065F7AE00CE79A0 = {
			isa = PBXGroup;
			children = (
				623E7B2B20660A5400CE79A0 /* PrefixHeader.pch */,
				623E7AFD2065F7AE00CE79A0 /* AppHookDemo */,
				623E7AFC2065F7AE00CE79A0 /* Products */,
				623E7B18206604DA00CE79A0 /* Frameworks */,
			);
			sourceTree = "<group>";
		};
		623E7AFC2065F7AE00CE79A0 /* Products */ = {
			isa = PBXGroup;
			children = (
				623E7AFB2065F7AE00CE79A0 /* AppHookDemo */,
			);
			name = Products;
			sourceTree = "<group>";
		};
		623E7AFD2065F7AE00CE79A0 /* AppHookDemo */ = {
			isa = PBXGroup;
			children = (
				623E7B2F20660B1F00CE79A0 /* Supporting Files */,
			);
			path = AppHookDemo;
			sourceTree = "<group>";
		};
		623E7B18206604DA00CE79A0 /* Frameworks */ = {
			isa = PBXGroup;
			children = (
				51EEF5F6206BFB73000E791E /* AppHookSDK_Mac.framework */,
			);
			name = Frameworks;
			sourceTree = "<group>";
		};
		623E7B2F20660B1F00CE79A0 /* Supporting Files */ = {
			isa = PBXGroup;
			children = (
				623E7B11206600DC00CE79A0 /* Application.h */,
				623E7B12206600DC00CE79A0 /* Application.m */,
				623E7AFE2065F7AE00CE79A0 /* main.m */,
			);
			name = "Supporting Files";
			sourceTree = "<group>";
		};
/* End PBXGroup section */

/* Begin PBXNativeTarget section */
		623E7AFA2065F7AE00CE79A0 /* AppHookDemo */ = {
			isa = PBXNativeTarget;
			buildConfigurationList = 623E7B022065F7AE00CE79A0 /* Build configuration list for PBXNativeTarget "AppHookDemo" */;
			buildPhases = (
				623E7AF72065F7AE00CE79A0 /* Sources */,
				623E7AF82065F7AE00CE79A0 /* Frameworks */,
				623E7AF92065F7AE00CE79A0 /* CopyFiles */,
			);
			buildRules = (
			);
			dependencies = (
			);
			name = AppHookDemo;
			productName = AppHookDemo;
			productReference = 623E7AFB2065F7AE00CE79A0 /* AppHookDemo */;
			productType = "com.apple.product-type.tool";
		};
/* End PBXNativeTarget section */

/* Begin PBXProject section */
		623E7AF32065F7AE00CE79A0 /* Project object */ = {
			isa = PBXProject;
			attributes = {
				LastUpgradeCheck = 0920;
				ORGANIZATIONNAME = AQY;
				TargetAttributes = {
					623E7AFA2065F7AE00CE79A0 = {
						CreatedOnToolsVersion = 9.2;
						ProvisioningStyle = Manual;
					};
				};
			};
			buildConfigurationList = 623E7AF62065F7AE00CE79A0 /* Build configuration list for PBXProject "AppHookDemo" */;
			compatibilityVersion = "Xcode 8.0";
			developmentRegion = en;
			hasScannedForEncodings = 0;
			knownRegions = (
				en,
			);
			mainGroup = 623E7AF22065F7AE00CE79A0;
			productRefGroup = 623E7AFC2065F7AE00CE79A0 /* Products */;
			projectDirPath = "";
			projectRoot = "";
			targets = (
				623E7AFA2065F7AE00CE79A0 /* AppHookDemo */,
			);
		};
/* End PBXProject section */

/* Begin PBXSourcesBuildPhase section */
		623E7AF72065F7AE00CE79A0 /* Sources */ = {
			isa = PBXSourcesBuildPhase;
			buildActionMask = 2147483647;
			files = (
				623E7B13206600DC00CE79A0 /* Application.m in Sources */,
				623E7AFF2065F7AE00CE79A0 /* main.m in Sources */,
			);
			runOnlyForDeploymentPostprocessing = 0;
		};
/* End PBXSourcesBuildPhase section */

/* Begin XCBuildConfiguration section */
		623E7B002065F7AE00CE79A0 /* Debug */ = {
			isa = XCBuildConfiguration;
			buildSettings = {
				ALWAYS_SEARCH_USER_PATHS = NO;
				CLANG_ANALYZER_NONNULL = YES;
				CLANG_ANALYZER_NUMBER_OBJECT_CONVERSION = YES_AGGRESSIVE;
				CLANG_CXX_LANGUAGE_STANDARD = "gnu++14";
				CLANG_CXX_LIBRARY = "libc++";
				CLANG_ENABLE_MODULES = YES;
				CLANG_ENABLE_OBJC_ARC = YES;
				CLANG_WARN_BLOCK_CAPTURE_AUTORELEASING = YES;
				CLANG_WARN_BOOL_CONVERSION = YES;
				CLANG_WARN_COMMA = YES;
				CLANG_WARN_CONSTANT_CONVERSION = YES;
				CLANG_WARN_DIRECT_OBJC_ISA_USAGE = YES_ERROR;
				CLANG_WARN_DOCUMENTATION_COMMENTS = YES;
				CLANG_WARN_EMPTY_BODY = YES;
				CLANG_WARN_ENUM_CONVERSION = YES;
				CLANG_WARN_INFINITE_RECURSION = YES;
				CLANG_WARN_INT_CONVERSION = YES;
				CLANG_WARN_NON_LITERAL_NULL_CONVERSION = YES;
				CLANG_WARN_OBJC_LITERAL_CONVERSION = YES;
				CLANG_WARN_OBJC_ROOT_CLASS = YES_ERROR;
				CLANG_WARN_RANGE_LOOP_ANALYSIS = YES;
				CLANG_WARN_STRICT_PROTOTYPES = YES;
				CLANG_WARN_SUSPICIOUS_MOVE = YES;
				CLANG_WARN_UNGUARDED_AVAILABILITY = YES_AGGRESSIVE;
				CLANG_WARN_UNREACHABLE_CODE = YES;
				CLANG_WARN__DUPLICATE_METHOD_MATCH = YES;
				CODE_SIGN_IDENTITY = "-";
				COPY_PHASE_STRIP = NO;
				DEBUG_INFORMATION_FORMAT = dwarf;
				ENABLE_STRICT_OBJC_MSGSEND = YES;
				ENABLE_TESTABILITY = YES;
				GCC_C_LANGUAGE_STANDARD = gnu11;
				GCC_DYNAMIC_NO_PIC = NO;
				GCC_NO_COMMON_BLOCKS = YES;
				GCC_OPTIMIZATION_LEVEL = 0;
				GCC_PREPROCESSOR_DEFINITIONS = (
					"DEBUG=1",
					"$(inherited)",
				);
				GCC_WARN_64_TO_32_BIT_CONVERSION = YES;
				GCC_WARN_ABOUT_RETURN_TYPE = YES_ERROR;
				GCC_WARN_UNDECLARED_SELECTOR = YES;
				GCC_WARN_UNINITIALIZED_AUTOS = YES_AGGRESSIVE;
				GCC_WARN_UNUSED_FUNCTION = YES;
				GCC_WARN_UNUSED_VARIABLE = YES;
				MACOSX_DEPLOYMENT_TARGET = 10.13;
				MTL_ENABLE_DEBUG_INFO = YES;
				ONLY_ACTIVE_ARCH = YES;
				SDKROOT = macosx;
			};
			name = Debug;
		};
		623E7B012065F7AE00CE79A0 /* Release */ = {
			isa = XCBuildConfiguration;
			buildSettings = {
				ALWAYS_SEARCH_USER_PATHS = NO;
				CLANG_ANALYZER_NONNULL = YES;
				CLANG_ANALYZER_NUMBER_OBJECT_CONVERSION = YES_AGGRESSIVE;
				CLANG_CXX_LANGUAGE_STANDARD = "gnu++14";
				CLANG_CXX_LIBRARY = "libc++";
				CLANG_ENABLE_MODULES = YES;
				CLANG_ENABLE_OBJC_ARC = YES;
				CLANG_WARN_BLOCK_CAPTURE_AUTORELEASING = YES;
				CLANG_WARN_BOOL_CONVERSION = YES;
				CLANG_WARN_COMMA = YES;
				CLANG_WARN_CONSTANT_CONVERSION = YES;
				CLANG_WARN_DIRECT_OBJC_ISA_USAGE = YES_ERROR;
				CLANG_WARN_DOCUMENTATION_COMMENTS = YES;
				CLANG_WARN_EMPTY_BODY = YES;
				CLANG_WARN_ENUM_CONVERSION = YES;
				CLANG_WARN_INFINITE_RECURSION = YES;
				CLANG_WARN_INT_CONVERSION = YES;
				CLANG_WARN_NON_LITERAL_NULL_CONVERSION = YES;
				CLANG_WARN_OBJC_LITERAL_CONVERSION = YES;
				CLANG_WARN_OBJC_ROOT_CLASS = YES_ERROR;
				CLANG_WARN_RANGE_LOOP_ANALYSIS = YES;
				CLANG_WARN_STRICT_PROTOTYPES = YES;
				CLANG_WARN_SUSPICIOUS_MOVE = YES;
				CLANG_WARN_UNGUARDED_AVAILABILITY = YES_AGGRESSIVE;
				CLANG_WARN_UNREACHABLE_CODE = YES;
				CLANG_WARN__DUPLICATE_METHOD_MATCH = YES;
				CODE_SIGN_IDENTITY = "-";
				COPY_PHASE_STRIP = NO;
				DEBUG_INFORMATION_FORMAT = "dwarf-with-dsym";
				ENABLE_NS_ASSERTIONS = NO;
				ENABLE_STRICT_OBJC_MSGSEND = YES;
				GCC_C_LANGUAGE_STANDARD = gnu11;
				GCC_NO_COMMON_BLOCKS = YES;
				GCC_WARN_64_TO_32_BIT_CONVERSION = YES;
				GCC_WARN_ABOUT_RETURN_TYPE = YES_ERROR;
				GCC_WARN_UNDECLARED_SELECTOR = YES;
				GCC_WARN_UNINITIALIZED_AUTOS = YES_AGGRESSIVE;
				GCC_WARN_UNUSED_FUNCTION = YES;
				GCC_WARN_UNUSED_VARIABLE = YES;
				MACOSX_DEPLOYMENT_TARGET = 10.13;
				MTL_ENABLE_DEBUG_INFO = NO;
				SDKROOT = macosx;
			};
			name = Release;
		};
		623E7B032065F7AE00CE79A0 /* Debug */ = {
			isa = XCBuildConfiguration;
			buildSettings = {
				ALWAYS_SEARCH_USER_PATHS = NO;
				CODE_SIGN_IDENTITY = "";
				CODE_SIGN_STYLE = Manual;
				DEVELOPMENT_TEAM = "";
				ENABLE_STRICT_OBJC_MSGSEND = NO;
				FRAMEWORK_SEARCH_PATHS = "$(PROJECT_DIR)";
				GCC_PRECOMPILE_PREFIX_HEADER = NO;
				GCC_PREFIX_HEADER = "$(PROJECT_DIR)/PrefixHeader.pch";
				HEADER_SEARCH_PATHS = "$(PROJECT_DIR)/AppHookSDK_Mac.framework";
				PRODUCT_NAME = "$(TARGET_NAME)";
				PROVISIONING_PROFILE_SPECIFIER = "";
			};
			name = Debug;
		};
		623E7B042065F7AE00CE79A0 /* Release */ = {
			isa = XCBuildConfiguration;
			buildSettings = {
				ALWAYS_SEARCH_USER_PATHS = NO;
				CODE_SIGN_IDENTITY = "";
				CODE_SIGN_STYLE = Manual;
				DEVELOPMENT_TEAM = "";
				ENABLE_STRICT_OBJC_MSGSEND = NO;
				FRAMEWORK_SEARCH_PATHS = "$(PROJECT_DIR)";
				GCC_PRECOMPILE_PREFIX_HEADER = NO;
				GCC_PREFIX_HEADER = "$(PROJECT_DIR)/PrefixHeader.pch";
				HEADER_SEARCH_PATHS = "$(PROJECT_DIR)/AppHookSDK_Mac.framework";
				PRODUCT_NAME = "$(TARGET_NAME)";
				PROVISIONING_PROFILE_SPECIFIER = "";
			};
			name = Release;
		};
/* End XCBuildConfiguration section */

/* Begin XCConfigurationList section */
		623E7AF62065F7AE00CE79A0 /* Build configuration list for PBXProject "AppHookDemo" */ = {
			isa = XCConfigurationList;
			buildConfigurations = (
				623E7B002065F7AE00CE79A0 /* Debug */,
				623E7B012065F7AE00CE79A0 /* Release */,
			);
			defaultConfigurationIsVisible = 0;
			defaultConfigurationName = Release;
		};
		623E7B022065F7AE00CE79A0 /* Build configuration list for PBXNativeTarget "AppHookDemo" */ = {
			isa = XCConfigurationList;
			buildConfigurations = (
				623E7B032065F7AE00CE79A0 /* Debug */,
				623E7B042065F7AE00CE79A0 /* Release */,
			);
			defaultConfigurationIsVisible = 0;
			defaultConfigurationName = Release;
		};
/* End XCConfigurationList section */
	};
	rootObject = 623E7AF32065F7AE00CE79A0 /* Project object */;
}
